// !$*UTF8*$!
{
	archiveVersion = 1;
	classes = {
	};
	objectVersion = 46;
	objects = {

/* Begin PBXBuildFile section */
		6607A7011AB8C8FA0090999B /* AppDelegate.swift in Sources */ = {isa = PBXBuildFile; fileRef = 6607A7001AB8C8FA0090999B /* AppDelegate.swift */; };
		6607A7031AB8C8FA0090999B /* ViewController.swift in Sources */ = {isa = PBXBuildFile; fileRef = 6607A7021AB8C8FA0090999B /* ViewController.swift */; };
		6607A7061AB8C8FA0090999B /* Main.storyboard in Resources */ = {isa = PBXBuildFile; fileRef = 6607A7041AB8C8FA0090999B /* Main.storyboard */; };
		6607A7081AB8C8FA0090999B /* Images.xcassets in Resources */ = {isa = PBXBuildFile; fileRef = 6607A7071AB8C8FA0090999B /* Images.xcassets */; };
		6607A70B1AB8C8FA0090999B /* LaunchScreen.xib in Resources */ = {isa = PBXBuildFile; fileRef = 6607A7091AB8C8FA0090999B /* LaunchScreen.xib */; };
		6607A7171AB8C8FA0090999B /* MemerTests.swift in Sources */ = {isa = PBXBuildFile; fileRef = 6607A7161AB8C8FA0090999B /* MemerTests.swift */; };
		661802E71ACF1BDE005C1517 /* RealDetail.swift in Sources */ = {isa = PBXBuildFile; fileRef = 661802E61ACF1BDE005C1517 /* RealDetail.swift */; };
		661DF4841ACB2BF10011AABE /* MemeDetailViewController.swift in Sources */ = {isa = PBXBuildFile; fileRef = 661DF4831ACB2BF10011AABE /* MemeDetailViewController.swift */; };
		667BEEED1AC0AD84009DAF9C /* Meme.swift in Sources */ = {isa = PBXBuildFile; fileRef = 667BEEEC1AC0AD84009DAF9C /* Meme.swift */; };
		667BEEEF1AC0AD9B009DAF9C /* MemeTableViewController.swift in Sources */ = {isa = PBXBuildFile; fileRef = 667BEEEE1AC0AD9B009DAF9C /* MemeTableViewController.swift */; };
		667BEEF11AC0ADB4009DAF9C /* MemeCollectionViewController.swift in Sources */ = {isa = PBXBuildFile; fileRef = 667BEEF01AC0ADB4009DAF9C /* MemeCollectionViewController.swift */; };
		6697CA2B1AC49B9000F5A42A /* CollectCell.swift in Sources */ = {isa = PBXBuildFile; fileRef = 6697CA2A1AC49B9000F5A42A /* CollectCell.swift */; };
/* End PBXBuildFile section */

/* Begin PBXContainerItemProxy section */
		6607A7111AB8C8FA0090999B /* PBXContainerItemProxy */ = {
			isa = PBXContainerItemProxy;
			containerPortal = 6607A6F31AB8C8FA0090999B /* Project object */;
			proxyType = 1;
			remoteGlobalIDString = 6607A6FA1AB8C8FA0090999B;
			remoteInfo = Memer;
		};
/* End PBXContainerItemProxy section */

/* Begin PBXFileReference section */
		6607A6FB1AB8C8FA0090999B /* Memer.app */ = {isa = PBXFileReference; explicitFileType = wrapper.application; includeInIndex = 0; path = Memer.app; sourceTree = BUILT_PRODUCTS_DIR; };
		6607A6FF1AB8C8FA0090999B /* Info.plist */ = {isa = PBXFileReference; lastKnownFileType = text.plist.xml; path = Info.plist; sourceTree = "<group>"; };
		6607A7001AB8C8FA0090999B /* AppDelegate.swift */ = {isa = PBXFileReference; lastKnownFileType = sourcecode.swift; path = AppDelegate.swift; sourceTree = "<group>"; };
		6607A7021AB8C8FA0090999B /* ViewController.swift */ = {isa = PBXFileReference; lastKnownFileType = sourcecode.swift; path = ViewController.swift; sourceTree = "<group>"; };
		6607A7051AB8C8FA0090999B /* Base */ = {isa = PBXFileReference; lastKnownFileType = file.storyboard; name = Base; path = Base.lproj/Main.storyboard; sourceTree = "<group>"; };
		6607A7071AB8C8FA0090999B /* Images.xcassets */ = {isa = PBXFileReference; lastKnownFileType = folder.assetcatalog; path = Images.xcassets; sourceTree = "<group>"; };
		6607A70A1AB8C8FA0090999B /* Base */ = {isa = PBXFileReference; lastKnownFileType = file.xib; name = Base; path = Base.lproj/LaunchScreen.xib; sourceTree = "<group>"; };
		6607A7101AB8C8FA0090999B /* MemerTests.xctest */ = {isa = PBXFileReference; explicitFileType = wrapper.cfbundle; includeInIndex = 0; path = MemerTests.xctest; sourceTree = BUILT_PRODUCTS_DIR; };
		6607A7151AB8C8FA0090999B /* Info.plist */ = {isa = PBXFileReference; lastKnownFileType = text.plist.xml; path = Info.plist; sourceTree = "<group>"; };
		6607A7161AB8C8FA0090999B /* MemerTests.swift */ = {isa = PBXFileReference; lastKnownFileType = sourcecode.swift; path = MemerTests.swift; sourceTree = "<group>"; };
		661802E61ACF1BDE005C1517 /* RealDetail.swift */ = {isa = PBXFileReference; fileEncoding = 4; lastKnownFileType = sourcecode.swift; path = RealDetail.swift; sourceTree = "<group>"; };
		661DF4831ACB2BF10011AABE /* MemeDetailViewController.swift */ = {isa = PBXFileReference; fileEncoding = 4; lastKnownFileType = sourcecode.swift; path = MemeDetailViewController.swift; sourceTree = "<group>"; };
		667BEEEC1AC0AD84009DAF9C /* Meme.swift */ = {isa = PBXFileReference; fileEncoding = 4; lastKnownFileType = sourcecode.swift; path = Meme.swift; sourceTree = "<group>"; };
		667BEEEE1AC0AD9B009DAF9C /* MemeTableViewController.swift */ = {isa = PBXFileReference; fileEncoding = 4; lastKnownFileType = sourcecode.swift; path = MemeTableViewController.swift; sourceTree = "<group>"; };
		667BEEF01AC0ADB4009DAF9C /* MemeCollectionViewController.swift */ = {isa = PBXFileReference; fileEncoding = 4; lastKnownFileType = sourcecode.swift; path = MemeCollectionViewController.swift; sourceTree = "<group>"; };
		6697CA2A1AC49B9000F5A42A /* CollectCell.swift */ = {isa = PBXFileReference; fileEncoding = 4; lastKnownFileType = sourcecode.swift; path = CollectCell.swift; sourceTree = "<group>"; };
/* End PBXFileReference section */

/* Begin PBXFrameworksBuildPhase section */
		6607A6F81AB8C8FA0090999B /* Frameworks */ = {
			isa = PBXFrameworksBuildPhase;
			buildActionMask = 2147483647;
			files = (
			);
			runOnlyForDeploymentPostprocessing = 0;
		};
		6607A70D1AB8C8FA0090999B /* Frameworks */ = {
			isa = PBXFrameworksBuildPhase;
			buildActionMask = 2147483647;
			files = (
			);
			runOnlyForDeploymentPostprocessing = 0;
		};
/* End PBXFrameworksBuildPhase section */

/* Begin PBXGroup section */
		6607A6F21AB8C8FA0090999B = {
			isa = PBXGroup;
			children = (
				6607A6FD1AB8C8FA0090999B /* Memer */,
				6607A7131AB8C8FA0090999B /* MemerTests */,
				6607A6FC1AB8C8FA0090999B /* Products */,
			);
			sourceTree = "<group>";
		};
		6607A6FC1AB8C8FA0090999B /* Products */ = {
			isa = PBXGroup;
			children = (
				6607A6FB1AB8C8FA0090999B /* Memer.app */,
				6607A7101AB8C8FA0090999B /* MemerTests.xctest */,
			);
			name = Products;
			sourceTree = "<group>";
		};
		6607A6FD1AB8C8FA0090999B /* Memer */ = {
			isa = PBXGroup;
			children = (
				6607A7001AB8C8FA0090999B /* AppDelegate.swift */,
				6607A7021AB8C8FA0090999B /* ViewController.swift */,
				667BEEEC1AC0AD84009DAF9C /* Meme.swift */,
				667BEEEE1AC0AD9B009DAF9C /* MemeTableViewController.swift */,
				661802E61ACF1BDE005C1517 /* RealDetail.swift */,
				661DF4831ACB2BF10011AABE /* MemeDetailViewController.swift */,
				667BEEF01AC0ADB4009DAF9C /* MemeCollectionViewController.swift */,
				6607A7041AB8C8FA0090999B /* Main.storyboard */,
				6697CA2A1AC49B9000F5A42A /* CollectCell.swift */,
				6607A7071AB8C8FA0090999B /* Images.xcassets */,
				6607A7091AB8C8FA0090999B /* LaunchScreen.xib */,
				6607A6FE1AB8C8FA0090999B /* Supporting Files */,
			);
			path = Memer;
			sourceTree = "<group>";
		};
		6607A6FE1AB8C8FA0090999B /* Supporting Files */ = {
			isa = PBXGroup;
			children = (
				6607A6FF1AB8C8FA0090999B /* Info.plist */,
			);
			name = "Supporting Files";
			sourceTree = "<group>";
		};
		6607A7131AB8C8FA0090999B /* MemerTests */ = {
			isa = PBXGroup;
			children = (
				6607A7161AB8C8FA0090999B /* MemerTests.swift */,
				6607A7141AB8C8FA0090999B /* Supporting Files */,
			);
			path = MemerTests;
			sourceTree = "<group>";
		};
		6607A7141AB8C8FA0090999B /* Supporting Files */ = {
			isa = PBXGroup;
			children = (
				6607A7151AB8C8FA0090999B /* Info.plist */,
			);
			name = "Supporting Files";
			sourceTree = "<group>";
		};
/* End PBXGroup section */

/* Begin PBXNativeTarget section */
		6607A6FA1AB8C8FA0090999B /* Memer */ = {
			isa = PBXNativeTarget;
			buildConfigurationList = 6607A71A1AB8C8FA0090999B /* Build configuration list for PBXNativeTarget "Memer" */;
			buildPhases = (
				6607A6F71AB8C8FA0090999B /* Sources */,
				6607A6F81AB8C8FA0090999B /* Frameworks */,
				6607A6F91AB8C8FA0090999B /* Resources */,
			);
			buildRules = (
			);
			dependencies = (
			);
			name = Memer;
			productName = Memer;
			productReference = 6607A6FB1AB8C8FA0090999B /* Memer.app */;
			productType = "com.apple.product-type.application";
		};
		6607A70F1AB8C8FA0090999B /* MemerTests */ = {
			isa = PBXNativeTarget;
			buildConfigurationList = 6607A71D1AB8C8FA0090999B /* Build configuration list for PBXNativeTarget "MemerTests" */;
			buildPhases = (
				6607A70C1AB8C8FA0090999B /* Sources */,
				6607A70D1AB8C8FA0090999B /* Frameworks */,
				6607A70E1AB8C8FA0090999B /* Resources */,
			);
			buildRules = (
			);
			dependencies = (
				6607A7121AB8C8FA0090999B /* PBXTargetDependency */,
			);
			name = MemerTests;
			productName = MemerTests;
			productReference = 6607A7101AB8C8FA0090999B /* MemerTests.xctest */;
			productType = "com.apple.product-type.bundle.unit-test";
		};
/* End PBXNativeTarget section */

/* Begin PBXProject section */
		6607A6F31AB8C8FA0090999B /* Project object */ = {
			isa = PBXProject;
			attributes = {
				LastUpgradeCheck = 0610;
				ORGANIZATIONNAME = CheckList;
				TargetAttributes = {
					6607A6FA1AB8C8FA0090999B = {
						CreatedOnToolsVersion = 6.1.1;
					};
					6607A70F1AB8C8FA0090999B = {
						CreatedOnToolsVersion = 6.1.1;
						TestTargetID = 6607A6FA1AB8C8FA0090999B;
					};
				};
			};
			buildConfigurationList = 6607A6F61AB8C8FA0090999B /* Build configuration list for PBXProject "Memer" */;
			compatibilityVersion = "Xcode 3.2";
			developmentRegion = English;
			hasScannedForEncodings = 0;
			knownRegions = (
				en,
				Base,
			);
			mainGroup = 6607A6F21AB8C8FA0090999B;
			productRefGroup = 6607A6FC1AB8C8FA0090999B /* Products */;
			projectDirPath = "";
			projectRoot = "";
			targets = (
				6607A6FA1AB8C8FA0090999B /* Memer */,
				6607A70F1AB8C8FA0090999B /* MemerTests */,
			);
		};
/* End PBXProject section */

/* Begin PBXResourcesBuildPhase section */
		6607A6F91AB8C8FA0090999B /* Resources */ = {
			isa = PBXResourcesBuildPhase;
			buildActionMask = 2147483647;
			files = (
				6607A7061AB8C8FA0090999B /* Main.storyboard in Resources */,
				6607A70B1AB8C8FA0090999B /* LaunchScreen.xib in Resources */,
				6607A7081AB8C8FA0090999B /* Images.xcassets in Resources */,
			);
			runOnlyForDeploymentPostprocessing = 0;
		};
		6607A70E1AB8C8FA0090999B /* Resources */ = {
			isa = PBXResourcesBuildPhase;
			buildActionMask = 2147483647;
			files = (
			);
			runOnlyForDeploymentPostprocessing = 0;
		};
/* End PBXResourcesBuildPhase section */

/* Begin PBXSourcesBuildPhase section */
		6607A6F71AB8C8FA0090999B /* Sources */ = {
			isa = PBXSourcesBuildPhase;
			buildActionMask = 2147483647;
			files = (
				6607A7031AB8C8FA0090999B /* ViewController.swift in Sources */,
				667BEEED1AC0AD84009DAF9C /* Meme.swift in Sources */,
				661802E71ACF1BDE005C1517 /* RealDetail.swift in Sources */,
				667BEEEF1AC0AD9B009DAF9C /* MemeTableViewController.swift in Sources */,
				667BEEF11AC0ADB4009DAF9C /* MemeCollectionViewController.swift in Sources */,
				6607A7011AB8C8FA0090999B /* AppDelegate.swift in Sources */,
				6697CA2B1AC49B9000F5A42A /* CollectCell.swift in Sources */,
				661DF4841ACB2BF10011AABE /* MemeDetailViewController.swift in Sources */,
			);
			runOnlyForDeploymentPostprocessing = 0;
		};
		6607A70C1AB8C8FA0090999B /* Sources */ = {
			isa = PBXSourcesBuildPhase;
			buildActionMask = 2147483647;
			files = (
				6607A7171AB8C8FA0090999B /* MemerTests.swift in Sources */,
			);
			runOnlyForDeploymentPostprocessing = 0;
		};
/* End PBXSourcesBuildPhase section */

/* Begin PBXTargetDependency section */
		6607A7121AB8C8FA0090999B /* PBXTargetDependency */ = {
			isa = PBXTargetDependency;
			target = 6607A6FA1AB8C8FA0090999B /* Memer */;
			targetProxy = 6607A7111AB8C8FA0090999B /* PBXContainerItemProxy */;
		};
/* End PBXTargetDependency section */

/* Begin PBXVariantGroup section */
		6607A7041AB8C8FA0090999B /* Main.storyboard */ = {
			isa = PBXVariantGroup;
			children = (
				6607A7051AB8C8FA0090999B /* Base */,
			);
			name = Main.storyboard;
			sourceTree = "<group>";
		};
		6607A7091AB8C8FA0090999B /* LaunchScreen.xib */ = {
			isa = PBXVariantGroup;
			children = (
				6607A70A1AB8C8FA0090999B /* Base */,
			);
			name = LaunchScreen.xib;
			sourceTree = "<group>";
		};
/* End PBXVariantGroup section */

/* Begin XCBuildConfiguration section */
		6607A7181AB8C8FA0090999B /* Debug */ = {
			isa = XCBuildConfiguration;
			buildSettings = {
				ALWAYS_SEARCH_USER_PATHS = NO;
				CLANG_CXX_LANGUAGE_STANDARD = "gnu++0x";
				CLANG_CXX_LIBRARY = "libc++";
				CLANG_ENABLE_MODULES = YES;
				CLANG_ENABLE_OBJC_ARC = YES;
				CLANG_WARN_BOOL_CONVERSION = YES;
				CLANG_WARN_CONSTANT_CONVERSION = YES;
				CLANG_WARN_DIRECT_OBJC_ISA_USAGE = YES_ERROR;
				CLANG_WARN_EMPTY_BODY = YES;
				CLANG_WARN_ENUM_CONVERSION = YES;
				CLANG_WARN_INT_CONVERSION = YES;
				CLANG_WARN_OBJC_ROOT_CLASS = YES_ERROR;
				CLANG_WARN_UNREACHABLE_CODE = YES;
				CLANG_WARN__DUPLICATE_METHOD_MATCH = YES;
				"CODE_SIGN_IDENTITY[sdk=iphoneos*]" = "iPhone Developer";
				COPY_PHASE_STRIP = NO;
				ENABLE_STRICT_OBJC_MSGSEND = YES;
				GCC_C_LANGUAGE_STANDARD = gnu99;
				GCC_DYNAMIC_NO_PIC = NO;
				GCC_OPTIMIZATION_LEVEL = 0;
				GCC_PREPROCESSOR_DEFINITIONS = (
					"DEBUG=1",
					"$(inherited)",
				);
				GCC_SYMBOLS_PRIVATE_EXTERN = NO;
				GCC_WARN_64_TO_32_BIT_CONVERSION = YES;
				GCC_WARN_ABOUT_RETURN_TYPE = YES_ERROR;
				GCC_WARN_UNDECLARED_SELECTOR = YES;
				GCC_WARN_UNINITIALIZED_AUTOS = YES_AGGRESSIVE;
				GCC_WARN_UNUSED_FUNCTION = YES;
				GCC_WARN_UNUSED_VARIABLE = YES;
				IPHONEOS_DEPLOYMENT_TARGET = 8.1;
				MTL_ENABLE_DEBUG_INFO = YES;
				ONLY_ACTIVE_ARCH = YES;
				SDKROOT = iphoneos;
				SWIFT_OPTIMIZATION_LEVEL = "-Onone";
			};
			name = Debug;
		};
		6607A7191AB8C8FA0090999B /* Release */ = {
			isa = XCBuildConfiguration;
			buildSettings = {
				ALWAYS_SEARCH_USER_PATHS = NO;
				CLANG_CXX_LANGUAGE_STANDARD = "gnu++0x";
				CLANG_CXX_LIBRARY = "libc++";
				CLANG_ENABLE_MODULES = YES;
				CLANG_ENABLE_OBJC_ARC = YES;
				CLANG_WARN_BOOL_CONVERSION = YES;
				CLANG_WARN_CONSTANT_CONVERSION = YES;
				CLANG_WARN_DIRECT_OBJC_ISA_USAGE = YES_ERROR;
				CLANG_WARN_EMPTY_BODY = YES;
				CLANG_WARN_ENUM_CONVERSION = YES;
				CLANG_WARN_INT_CONVERSION = YES;
				CLANG_WARN_OBJC_ROOT_CLASS = YES_ERROR;
				CLANG_WARN_UNREACHABLE_CODE = YES;
				CLANG_WARN__DUPLICATE_METHOD_MATCH = YES;
				"CODE_SIGN_IDENTITY[sdk=iphoneos*]" = "iPhone Developer";
				COPY_PHASE_STRIP = YES;
				ENABLE_NS_ASSERTIONS = NO;
				ENABLE_STRICT_OBJC_MSGSEND = YES;
				GCC_C_LANGUAGE_STANDARD = gnu99;
				GCC_WARN_64_TO_32_BIT_CONVERSION = YES;
				GCC_WARN_ABOUT_RETURN_TYPE = YES_ERROR;
				GCC_WARN_UNDECLARED_SELECTOR = YES;
				GCC_WARN_UNINITIALIZED_AUTOS = YES_AGGRESSIVE;
				GCC_WARN_UNUSED_FUNCTION = YES;
				GCC_WARN_UNUSED_VARIABLE = YES;
				IPHONEOS_DEPLOYMENT_TARGET = 8.1;
				MTL_ENABLE_DEBUG_INFO = NO;
				SDKROOT = iphoneos;
				VALIDATE_PRODUCT = YES;
			};
			name = Release;
		};
		6607A71B1AB8C8FA0090999B /* Debug */ = {
			isa = XCBuildConfiguration;
			buildSettings = {
				ASSETCATALOG_COMPILER_APPICON_NAME = AppIcon;
				INFOPLIST_FILE = Memer/Info.plist;
				LD_RUNPATH_SEARCH_PATHS = "$(inherited) @executable_path/Frameworks";
				PRODUCT_NAME = "$(TARGET_NAME)";
			};
			name = Debug;
		};
		6607A71C1AB8C8FA0090999B /* Release */ = {
			isa = XCBuildConfiguration;
			buildSettings = {
				ASSETCATALOG_COMPILER_APPICON_NAME = AppIcon;
				INFOPLIST_FILE = Memer/Info.plist;
				LD_RUNPATH_SEARCH_PATHS = "$(inherited) @executable_path/Frameworks";
				PRODUCT_NAME = "$(TARGET_NAME)";
			};
			name = Release;
		};
		6607A71E1AB8C8FA0090999B /* Debug */ = {
			isa = XCBuildConfiguration;
			buildSettings = {
				BUNDLE_LOADER = "$(TEST_HOST)";
				FRAMEWORK_SEARCH_PATHS = (
					"$(SDKROOT)/Developer/Library/Frameworks",
					"$(inherited)",
				);
				GCC_PREPROCESSOR_DEFINITIONS = (
					"DEBUG=1",
					"$(inherited)",
				);
				INFOPLIST_FILE = MemerTests/Info.plist;
				LD_RUNPATH_SEARCH_PATHS = "$(inherited) @executable_path/Frameworks @loader_path/Frameworks";
				PRODUCT_NAME = "$(TARGET_NAME)";
				TEST_HOST = "$(BUILT_PRODUCTS_DIR)/Memer.app/Memer";
			};
			name = Debug;
		};
		6607A71F1AB8C8FA0090999B /* Release */ = {
			isa = XCBuildConfiguration;
			buildSettings = {
				BUNDLE_LOADER = "$(TEST_HOST)";
				FRAMEWORK_SEARCH_PATHS = (
					"$(SDKROOT)/Developer/Library/Frameworks",
					"$(inherited)",
				);
				INFOPLIST_FILE = MemerTests/Info.plist;
				LD_RUNPATH_SEARCH_PATHS = "$(inherited) @executable_path/Frameworks @loader_path/Frameworks";
				PRODUCT_NAME = "$(TARGET_NAME)";
				TEST_HOST = "$(BUILT_PRODUCTS_DIR)/Memer.app/Memer";
			};
			name = Release;
		};
/* End XCBuildConfiguration section */

/* Begin XCConfigurationList section */
		6607A6F61AB8C8FA0090999B /* Build configuration list for PBXProject "Memer" */ = {
			isa = XCConfigurationList;
			buildConfigurations = (
				6607A7181AB8C8FA0090999B /* Debug */,
				6607A7191AB8C8FA0090999B /* Release */,
			);
			defaultConfigurationIsVisible = 0;
			defaultConfigurationName = Release;
		};
		6607A71A1AB8C8FA0090999B /* Build configuration list for PBXNativeTarget "Memer" */ = {
			isa = XCConfigurationList;
			buildConfigurations = (
				6607A71B1AB8C8FA0090999B /* Debug */,
				6607A71C1AB8C8FA0090999B /* Release */,
			);
			defaultConfigurationIsVisible = 0;
			defaultConfigurationName = Release;
		};
		6607A71D1AB8C8FA0090999B /* Build configuration list for PBXNativeTarget "MemerTests" */ = {
			isa = XCConfigurationList;
			buildConfigurations = (
				6607A71E1AB8C8FA0090999B /* Debug */,
				6607A71F1AB8C8FA0090999B /* Release */,
			);
			defaultConfigurationIsVisible = 0;
			defaultConfigurationName = Release;
		};
/* End XCConfigurationList section */
	};
	rootObject = 6607A6F31AB8C8FA0090999B /* Project object */;
}
